
Microsoft Visual Studio Solution File, Format Version 12.00
# Visual Studio 14
VisualStudioVersion = 14.0.24720.0
MinimumVisualStudioVersion = 10.0.40219.1
Project("{FAE04EC0-301F-11D3-BF4B-00C04F79EFBC}") = "ContactApp.Web", "ContactApp.Web\ContactApp.Web.csproj", "{5EEA7229-0541-4DB4-99D8-45A3F17B0B7F}"
EndProject
Project("{FAE04EC0-301F-11D3-BF4B-00C04F79EFBC}") = "ContactApp.DAL", "ContactApp.DAL\ContactApp.DAL.csproj", "{86749CAC-EE63-45D4-9B67-5BE05BEFEF84}"
EndProject
Project("{FAE04EC0-301F-11D3-BF4B-00C04F79EFBC}") = "ContactApp.Models", "ContactApp.Models\ContactApp.Models.csproj", "{1BDA141C-FF56-4902-9B44-A82E32FEAADE}"
EndProject
Project("{FAE04EC0-301F-11D3-BF4B-00C04F79EFBC}") = "ContactApp.ConsoleTestApp", "ContactApp.ConsoleTestApp\ContactApp.ConsoleTestApp.csproj", "{14279162-2264-4827-A05A-D4E23580F08A}"
EndProject
Project("{2150E333-8FDC-42A3-9474-1A3956D46DE8}") = "ContactApp", "ContactApp", "{150DB2D4-866C-4466-A34C-BF9D6EC7654F}"
EndProject
Project("{2150E333-8FDC-42A3-9474-1A3956D46DE8}") = "Testing", "Testing", "{14B6A70A-51B3-46AE-88DD-F032115F5A3B}"
EndProject
Project("{FAE04EC0-301F-11D3-BF4B-00C04F79EFBC}") = "Domain", "Domain\Domain.csproj", "{EF45997B-5A0A-4DD5-B02B-2E4553517BFD}"
EndProject
Project("{FAE04EC0-301F-11D3-BF4B-00C04F79EFBC}") = "Domain.Tests", "Domain.Tests\Domain.Tests.csproj", "{E5C393A4-5A9A-43CC-9291-9E617CF95016}"
EndProject
Project("{2150E333-8FDC-42A3-9474-1A3956D46DE8}") = "RepoPraxApp", "RepoPraxApp", "{A68667A5-A072-421F-BC04-B2DE489054E6}"
EndProject
Project("{FAE04EC0-301F-11D3-BF4B-00C04F79EFBC}") = "RepoPraxApp.DAL", "RepoPraxApp.DAL\RepoPraxApp.DAL.csproj", "{0600BCE7-FD3D-40F5-B336-E68B15BCA1D8}"
EndProject
Project("{FAE04EC0-301F-11D3-BF4B-00C04F79EFBC}") = "RepoPraxApp.Models", "RepoPraxApp.Models\RepoPraxApp.Models.csproj", "{0E862579-46E4-4ABE-BD92-BDF920DE6E50}"
EndProject
Project("{FAE04EC0-301F-11D3-BF4B-00C04F79EFBC}") = "RepoPraxApp.Web", "RepoPraxApp.Web\RepoPraxApp.Web.csproj", "{51C62FA4-8917-4682-8136-85F7AE841595}"
EndProject
Global
	GlobalSection(SolutionConfigurationPlatforms) = preSolution
		Debug|Any CPU = Debug|Any CPU
		Release|Any CPU = Release|Any CPU
	EndGlobalSection
	GlobalSection(ProjectConfigurationPlatforms) = postSolution
		{5EEA7229-0541-4DB4-99D8-45A3F17B0B7F}.Debug|Any CPU.ActiveCfg = Debug|Any CPU
		{5EEA7229-0541-4DB4-99D8-45A3F17B0B7F}.Debug|Any CPU.Build.0 = Debug|Any CPU
		{5EEA7229-0541-4DB4-99D8-45A3F17B0B7F}.Release|Any CPU.ActiveCfg = Release|Any CPU
		{5EEA7229-0541-4DB4-99D8-45A3F17B0B7F}.Release|Any CPU.Build.0 = Release|Any CPU
		{86749CAC-EE63-45D4-9B67-5BE05BEFEF84}.Debug|Any CPU.ActiveCfg = Debug|Any CPU
		{86749CAC-EE63-45D4-9B67-5BE05BEFEF84}.Debug|Any CPU.Build.0 = Debug|Any CPU
		{86749CAC-EE63-45D4-9B67-5BE05BEFEF84}.Release|Any CPU.ActiveCfg = Release|Any CPU
		{86749CAC-EE63-45D4-9B67-5BE05BEFEF84}.Release|Any CPU.Build.0 = Release|Any CPU
		{1BDA141C-FF56-4902-9B44-A82E32FEAADE}.Debug|Any CPU.ActiveCfg = Debug|Any CPU
		{1BDA141C-FF56-4902-9B44-A82E32FEAADE}.Debug|Any CPU.Build.0 = Debug|Any CPU
		{1BDA141C-FF56-4902-9B44-A82E32FEAADE}.Release|Any CPU.ActiveCfg = Release|Any CPU
		{1BDA141C-FF56-4902-9B44-A82E32FEAADE}.Release|Any CPU.Build.0 = Release|Any CPU
		{14279162-2264-4827-A05A-D4E23580F08A}.Debug|Any CPU.ActiveCfg = Debug|Any CPU
		{14279162-2264-4827-A05A-D4E23580F08A}.Debug|Any CPU.Build.0 = Debug|Any CPU
		{14279162-2264-4827-A05A-D4E23580F08A}.Release|Any CPU.ActiveCfg = Release|Any CPU
		{14279162-2264-4827-A05A-D4E23580F08A}.Release|Any CPU.Build.0 = Release|Any CPU
		{EF45997B-5A0A-4DD5-B02B-2E4553517BFD}.Debug|Any CPU.ActiveCfg = Debug|Any CPU
		{EF45997B-5A0A-4DD5-B02B-2E4553517BFD}.Debug|Any CPU.Build.0 = Debug|Any CPU
		{EF45997B-5A0A-4DD5-B02B-2E4553517BFD}.Release|Any CPU.ActiveCfg = Release|Any CPU
		{EF45997B-5A0A-4DD5-B02B-2E4553517BFD}.Release|Any CPU.Build.0 = Release|Any CPU
		{E5C393A4-5A9A-43CC-9291-9E617CF95016}.Debug|Any CPU.ActiveCfg = Debug|Any CPU
		{E5C393A4-5A9A-43CC-9291-9E617CF95016}.Debug|Any CPU.Build.0 = Debug|Any CPU
		{E5C393A4-5A9A-43CC-9291-9E617CF95016}.Release|Any CPU.ActiveCfg = Release|Any CPU
		{E5C393A4-5A9A-43CC-9291-9E617CF95016}.Release|Any CPU.Build.0 = Release|Any CPU
		{0600BCE7-FD3D-40F5-B336-E68B15BCA1D8}.Debug|Any CPU.ActiveCfg = Debug|Any CPU
		{0600BCE7-FD3D-40F5-B336-E68B15BCA1D8}.Debug|Any CPU.Build.0 = Debug|Any CPU
		{0600BCE7-FD3D-40F5-B336-E68B15BCA1D8}.Release|Any CPU.ActiveCfg = Release|Any CPU
		{0600BCE7-FD3D-40F5-B336-E68B15BCA1D8}.Release|Any CPU.Build.0 = Release|Any CPU
		{0E862579-46E4-4ABE-BD92-BDF920DE6E50}.Debug|Any CPU.ActiveCfg = Debug|Any CPU
		{0E862579-46E4-4ABE-BD92-BDF920DE6E50}.Debug|Any CPU.Build.0 = Debug|Any CPU
		{0E862579-46E4-4ABE-BD92-BDF920DE6E50}.Release|Any CPU.ActiveCfg = Release|Any CPU
		{0E862579-46E4-4ABE-BD92-BDF920DE6E50}.Release|Any CPU.Build.0 = Release|Any CPU
		{51C62FA4-8917-4682-8136-85F7AE841595}.Debug|Any CPU.ActiveCfg = Debug|Any CPU
		{51C62FA4-8917-4682-8136-85F7AE841595}.Debug|Any CPU.Build.0 = Debug|Any CPU
		{51C62FA4-8917-4682-8136-85F7AE841595}.Release|Any CPU.ActiveCfg = Release|Any CPU
		{51C62FA4-8917-4682-8136-85F7AE841595}.Release|Any CPU.Build.0 = Release|Any CPU
	EndGlobalSection
	GlobalSection(SolutionProperties) = preSolution
		HideSolutionNode = FALSE
	EndGlobalSection
	GlobalSection(NestedProjects) = preSolution
		{5EEA7229-0541-4DB4-99D8-45A3F17B0B7F} = {150DB2D4-866C-4466-A34C-BF9D6EC7654F}
		{86749CAC-EE63-45D4-9B67-5BE05BEFEF84} = {150DB2D4-866C-4466-A34C-BF9D6EC7654F}
		{1BDA141C-FF56-4902-9B44-A82E32FEAADE} = {150DB2D4-866C-4466-A34C-BF9D6EC7654F}
		{14279162-2264-4827-A05A-D4E23580F08A} = {150DB2D4-866C-4466-A34C-BF9D6EC7654F}
		{EF45997B-5A0A-4DD5-B02B-2E4553517BFD} = {14B6A70A-51B3-46AE-88DD-F032115F5A3B}
		{E5C393A4-5A9A-43CC-9291-9E617CF95016} = {14B6A70A-51B3-46AE-88DD-F032115F5A3B}
		{0600BCE7-FD3D-40F5-B336-E68B15BCA1D8} = {A68667A5-A072-421F-BC04-B2DE489054E6}
		{0E862579-46E4-4ABE-BD92-BDF920DE6E50} = {A68667A5-A072-421F-BC04-B2DE489054E6}
		{51C62FA4-8917-4682-8136-85F7AE841595} = {A68667A5-A072-421F-BC04-B2DE489054E6}
	EndGlobalSection
EndGlobal
