
Microsoft Visual Studio Solution File, Format Version 12.00
# Visual Studio 14
VisualStudioVersion = 14.0.25123.0
MinimumVisualStudioVersion = 10.0.40219.1
Project("{FAE04EC0-301F-11D3-BF4B-00C04F79EFBC}") = "WUAClient", "WUAClient\WUAClient.csproj", "{C3208EAC-3A52-4169-B5EF-F7FF0D8A0CA0}"
	ProjectSection(ProjectDependencies) = postProject
		{C173B551-0287-425F-99B4-0AE38B5758A5} = {C173B551-0287-425F-99B4-0AE38B5758A5}
	EndProjectSection
EndProject
Project("{2150E333-8FDC-42A3-9474-1A3956D46DE8}") = "Data", "Data", "{12180876-9957-44B0-9D15-6669D8C2C518}"
EndProject
Project("{FAE04EC0-301F-11D3-BF4B-00C04F79EFBC}") = "DAL", "DAL\DAL.csproj", "{5418C07A-CA75-4E7B-8BB2-386EB51EA0B8}"
EndProject
Project("{FAE04EC0-301F-11D3-BF4B-00C04F79EFBC}") = "BLL", "BLL\BLL.csproj", "{8A3BC0FB-9AA3-4A59-8B51-FA2E8D19491A}"
EndProject
Project("{FAE04EC0-301F-11D3-BF4B-00C04F79EFBC}") = "Models", "Models\Models.csproj", "{641AB537-A5F2-4FC2-8FA4-1F376B191C1A}"
EndProject
Project("{FAE04EC0-301F-11D3-BF4B-00C04F79EFBC}") = "WCF.Library", "WCF.Library\WCF.Library.csproj", "{DAA3A6C9-F69D-479C-A2A6-6E8A5FCAA2E8}"
EndProject
Project("{FAE04EC0-301F-11D3-BF4B-00C04F79EFBC}") = "WCF.Host", "WCF.Host\WCF.Host.csproj", "{C173B551-0287-425F-99B4-0AE38B5758A5}"
EndProject
Global
	GlobalSection(SolutionConfigurationPlatforms) = preSolution
		Debug|Any CPU = Debug|Any CPU
		Debug|ARM = Debug|ARM
		Debug|x64 = Debug|x64
		Debug|x86 = Debug|x86
		Release|Any CPU = Release|Any CPU
		Release|ARM = Release|ARM
		Release|x64 = Release|x64
		Release|x86 = Release|x86
	EndGlobalSection
	GlobalSection(ProjectConfigurationPlatforms) = postSolution
		{C3208EAC-3A52-4169-B5EF-F7FF0D8A0CA0}.Debug|Any CPU.ActiveCfg = Debug|x86
		{C3208EAC-3A52-4169-B5EF-F7FF0D8A0CA0}.Debug|ARM.ActiveCfg = Debug|ARM
		{C3208EAC-3A52-4169-B5EF-F7FF0D8A0CA0}.Debug|ARM.Build.0 = Debug|ARM
		{C3208EAC-3A52-4169-B5EF-F7FF0D8A0CA0}.Debug|ARM.Deploy.0 = Debug|ARM
		{C3208EAC-3A52-4169-B5EF-F7FF0D8A0CA0}.Debug|x64.ActiveCfg = Debug|x64
		{C3208EAC-3A52-4169-B5EF-F7FF0D8A0CA0}.Debug|x64.Build.0 = Debug|x64
		{C3208EAC-3A52-4169-B5EF-F7FF0D8A0CA0}.Debug|x64.Deploy.0 = Debug|x64
		{C3208EAC-3A52-4169-B5EF-F7FF0D8A0CA0}.Debug|x86.ActiveCfg = Debug|x86
		{C3208EAC-3A52-4169-B5EF-F7FF0D8A0CA0}.Debug|x86.Build.0 = Debug|x86
		{C3208EAC-3A52-4169-B5EF-F7FF0D8A0CA0}.Debug|x86.Deploy.0 = Debug|x86
		{C3208EAC-3A52-4169-B5EF-F7FF0D8A0CA0}.Release|Any CPU.ActiveCfg = Release|x86
		{C3208EAC-3A52-4169-B5EF-F7FF0D8A0CA0}.Release|ARM.ActiveCfg = Release|ARM
		{C3208EAC-3A52-4169-B5EF-F7FF0D8A0CA0}.Release|ARM.Build.0 = Release|ARM
		{C3208EAC-3A52-4169-B5EF-F7FF0D8A0CA0}.Release|ARM.Deploy.0 = Release|ARM
		{C3208EAC-3A52-4169-B5EF-F7FF0D8A0CA0}.Release|x64.ActiveCfg = Release|x64
		{C3208EAC-3A52-4169-B5EF-F7FF0D8A0CA0}.Release|x64.Build.0 = Release|x64
		{C3208EAC-3A52-4169-B5EF-F7FF0D8A0CA0}.Release|x64.Deploy.0 = Release|x64
		{C3208EAC-3A52-4169-B5EF-F7FF0D8A0CA0}.Release|x86.ActiveCfg = Release|x86
		{C3208EAC-3A52-4169-B5EF-F7FF0D8A0CA0}.Release|x86.Build.0 = Release|x86
		{C3208EAC-3A52-4169-B5EF-F7FF0D8A0CA0}.Release|x86.Deploy.0 = Release|x86
		{5418C07A-CA75-4E7B-8BB2-386EB51EA0B8}.Debug|Any CPU.ActiveCfg = Debug|Any CPU
		{5418C07A-CA75-4E7B-8BB2-386EB51EA0B8}.Debug|Any CPU.Build.0 = Debug|Any CPU
		{5418C07A-CA75-4E7B-8BB2-386EB51EA0B8}.Debug|ARM.ActiveCfg = Debug|Any CPU
		{5418C07A-CA75-4E7B-8BB2-386EB51EA0B8}.Debug|ARM.Build.0 = Debug|Any CPU
		{5418C07A-CA75-4E7B-8BB2-386EB51EA0B8}.Debug|x64.ActiveCfg = Debug|Any CPU
		{5418C07A-CA75-4E7B-8BB2-386EB51EA0B8}.Debug|x64.Build.0 = Debug|Any CPU
		{5418C07A-CA75-4E7B-8BB2-386EB51EA0B8}.Debug|x86.ActiveCfg = Debug|Any CPU
		{5418C07A-CA75-4E7B-8BB2-386EB51EA0B8}.Debug|x86.Build.0 = Debug|Any CPU
		{5418C07A-CA75-4E7B-8BB2-386EB51EA0B8}.Release|Any CPU.ActiveCfg = Release|Any CPU
		{5418C07A-CA75-4E7B-8BB2-386EB51EA0B8}.Release|Any CPU.Build.0 = Release|Any CPU
		{5418C07A-CA75-4E7B-8BB2-386EB51EA0B8}.Release|ARM.ActiveCfg = Release|Any CPU
		{5418C07A-CA75-4E7B-8BB2-386EB51EA0B8}.Release|ARM.Build.0 = Release|Any CPU
		{5418C07A-CA75-4E7B-8BB2-386EB51EA0B8}.Release|x64.ActiveCfg = Release|Any CPU
		{5418C07A-CA75-4E7B-8BB2-386EB51EA0B8}.Release|x64.Build.0 = Release|Any CPU
		{5418C07A-CA75-4E7B-8BB2-386EB51EA0B8}.Release|x86.ActiveCfg = Release|Any CPU
		{5418C07A-CA75-4E7B-8BB2-386EB51EA0B8}.Release|x86.Build.0 = Release|Any CPU
		{8A3BC0FB-9AA3-4A59-8B51-FA2E8D19491A}.Debug|Any CPU.ActiveCfg = Debug|Any CPU
		{8A3BC0FB-9AA3-4A59-8B51-FA2E8D19491A}.Debug|Any CPU.Build.0 = Debug|Any CPU
		{8A3BC0FB-9AA3-4A59-8B51-FA2E8D19491A}.Debug|ARM.ActiveCfg = Debug|Any CPU
		{8A3BC0FB-9AA3-4A59-8B51-FA2E8D19491A}.Debug|ARM.Build.0 = Debug|Any CPU
		{8A3BC0FB-9AA3-4A59-8B51-FA2E8D19491A}.Debug|x64.ActiveCfg = Debug|Any CPU
		{8A3BC0FB-9AA3-4A59-8B51-FA2E8D19491A}.Debug|x64.Build.0 = Debug|Any CPU
		{8A3BC0FB-9AA3-4A59-8B51-FA2E8D19491A}.Debug|x86.ActiveCfg = Debug|Any CPU
		{8A3BC0FB-9AA3-4A59-8B51-FA2E8D19491A}.Debug|x86.Build.0 = Debug|Any CPU
		{8A3BC0FB-9AA3-4A59-8B51-FA2E8D19491A}.Release|Any CPU.ActiveCfg = Release|Any CPU
		{8A3BC0FB-9AA3-4A59-8B51-FA2E8D19491A}.Release|Any CPU.Build.0 = Release|Any CPU
		{8A3BC0FB-9AA3-4A59-8B51-FA2E8D19491A}.Release|ARM.ActiveCfg = Release|Any CPU
		{8A3BC0FB-9AA3-4A59-8B51-FA2E8D19491A}.Release|ARM.Build.0 = Release|Any CPU
		{8A3BC0FB-9AA3-4A59-8B51-FA2E8D19491A}.Release|x64.ActiveCfg = Release|Any CPU
		{8A3BC0FB-9AA3-4A59-8B51-FA2E8D19491A}.Release|x64.Build.0 = Release|Any CPU
		{8A3BC0FB-9AA3-4A59-8B51-FA2E8D19491A}.Release|x86.ActiveCfg = Release|Any CPU
		{8A3BC0FB-9AA3-4A59-8B51-FA2E8D19491A}.Release|x86.Build.0 = Release|Any CPU
		{641AB537-A5F2-4FC2-8FA4-1F376B191C1A}.Debug|Any CPU.ActiveCfg = Debug|Any CPU
		{641AB537-A5F2-4FC2-8FA4-1F376B191C1A}.Debug|Any CPU.Build.0 = Debug|Any CPU
		{641AB537-A5F2-4FC2-8FA4-1F376B191C1A}.Debug|ARM.ActiveCfg = Debug|Any CPU
		{641AB537-A5F2-4FC2-8FA4-1F376B191C1A}.Debug|ARM.Build.0 = Debug|Any CPU
		{641AB537-A5F2-4FC2-8FA4-1F376B191C1A}.Debug|x64.ActiveCfg = Debug|Any CPU
		{641AB537-A5F2-4FC2-8FA4-1F376B191C1A}.Debug|x64.Build.0 = Debug|Any CPU
		{641AB537-A5F2-4FC2-8FA4-1F376B191C1A}.Debug|x86.ActiveCfg = Debug|Any CPU
		{641AB537-A5F2-4FC2-8FA4-1F376B191C1A}.Debug|x86.Build.0 = Debug|Any CPU
		{641AB537-A5F2-4FC2-8FA4-1F376B191C1A}.Release|Any CPU.ActiveCfg = Release|Any CPU
		{641AB537-A5F2-4FC2-8FA4-1F376B191C1A}.Release|Any CPU.Build.0 = Release|Any CPU
		{641AB537-A5F2-4FC2-8FA4-1F376B191C1A}.Release|ARM.ActiveCfg = Release|Any CPU
		{641AB537-A5F2-4FC2-8FA4-1F376B191C1A}.Release|ARM.Build.0 = Release|Any CPU
		{641AB537-A5F2-4FC2-8FA4-1F376B191C1A}.Release|x64.ActiveCfg = Release|Any CPU
		{641AB537-A5F2-4FC2-8FA4-1F376B191C1A}.Release|x64.Build.0 = Release|Any CPU
		{641AB537-A5F2-4FC2-8FA4-1F376B191C1A}.Release|x86.ActiveCfg = Release|Any CPU
		{641AB537-A5F2-4FC2-8FA4-1F376B191C1A}.Release|x86.Build.0 = Release|Any CPU
		{DAA3A6C9-F69D-479C-A2A6-6E8A5FCAA2E8}.Debug|Any CPU.ActiveCfg = Debug|Any CPU
		{DAA3A6C9-F69D-479C-A2A6-6E8A5FCAA2E8}.Debug|Any CPU.Build.0 = Debug|Any CPU
		{DAA3A6C9-F69D-479C-A2A6-6E8A5FCAA2E8}.Debug|ARM.ActiveCfg = Debug|Any CPU
		{DAA3A6C9-F69D-479C-A2A6-6E8A5FCAA2E8}.Debug|ARM.Build.0 = Debug|Any CPU
		{DAA3A6C9-F69D-479C-A2A6-6E8A5FCAA2E8}.Debug|x64.ActiveCfg = Debug|Any CPU
		{DAA3A6C9-F69D-479C-A2A6-6E8A5FCAA2E8}.Debug|x64.Build.0 = Debug|Any CPU
		{DAA3A6C9-F69D-479C-A2A6-6E8A5FCAA2E8}.Debug|x86.ActiveCfg = Debug|Any CPU
		{DAA3A6C9-F69D-479C-A2A6-6E8A5FCAA2E8}.Debug|x86.Build.0 = Debug|Any CPU
		{DAA3A6C9-F69D-479C-A2A6-6E8A5FCAA2E8}.Release|Any CPU.ActiveCfg = Release|Any CPU
		{DAA3A6C9-F69D-479C-A2A6-6E8A5FCAA2E8}.Release|Any CPU.Build.0 = Release|Any CPU
		{DAA3A6C9-F69D-479C-A2A6-6E8A5FCAA2E8}.Release|ARM.ActiveCfg = Release|Any CPU
		{DAA3A6C9-F69D-479C-A2A6-6E8A5FCAA2E8}.Release|ARM.Build.0 = Release|Any CPU
		{DAA3A6C9-F69D-479C-A2A6-6E8A5FCAA2E8}.Release|x64.ActiveCfg = Release|Any CPU
		{DAA3A6C9-F69D-479C-A2A6-6E8A5FCAA2E8}.Release|x64.Build.0 = Release|Any CPU
		{DAA3A6C9-F69D-479C-A2A6-6E8A5FCAA2E8}.Release|x86.ActiveCfg = Release|Any CPU
		{DAA3A6C9-F69D-479C-A2A6-6E8A5FCAA2E8}.Release|x86.Build.0 = Release|Any CPU
		{C173B551-0287-425F-99B4-0AE38B5758A5}.Debug|Any CPU.ActiveCfg = Debug|Any CPU
		{C173B551-0287-425F-99B4-0AE38B5758A5}.Debug|Any CPU.Build.0 = Debug|Any CPU
		{C173B551-0287-425F-99B4-0AE38B5758A5}.Debug|ARM.ActiveCfg = Debug|Any CPU
		{C173B551-0287-425F-99B4-0AE38B5758A5}.Debug|ARM.Build.0 = Debug|Any CPU
		{C173B551-0287-425F-99B4-0AE38B5758A5}.Debug|x64.ActiveCfg = Debug|Any CPU
		{C173B551-0287-425F-99B4-0AE38B5758A5}.Debug|x64.Build.0 = Debug|Any CPU
		{C173B551-0287-425F-99B4-0AE38B5758A5}.Debug|x86.ActiveCfg = Debug|Any CPU
		{C173B551-0287-425F-99B4-0AE38B5758A5}.Debug|x86.Build.0 = Debug|Any CPU
		{C173B551-0287-425F-99B4-0AE38B5758A5}.Release|Any CPU.ActiveCfg = Release|Any CPU
		{C173B551-0287-425F-99B4-0AE38B5758A5}.Release|Any CPU.Build.0 = Release|Any CPU
		{C173B551-0287-425F-99B4-0AE38B5758A5}.Release|ARM.ActiveCfg = Release|Any CPU
		{C173B551-0287-425F-99B4-0AE38B5758A5}.Release|ARM.Build.0 = Release|Any CPU
		{C173B551-0287-425F-99B4-0AE38B5758A5}.Release|x64.ActiveCfg = Release|Any CPU
		{C173B551-0287-425F-99B4-0AE38B5758A5}.Release|x64.Build.0 = Release|Any CPU
		{C173B551-0287-425F-99B4-0AE38B5758A5}.Release|x86.ActiveCfg = Release|Any CPU
		{C173B551-0287-425F-99B4-0AE38B5758A5}.Release|x86.Build.0 = Release|Any CPU
	EndGlobalSection
	GlobalSection(SolutionProperties) = preSolution
		HideSolutionNode = FALSE
	EndGlobalSection
	GlobalSection(NestedProjects) = preSolution
		{5418C07A-CA75-4E7B-8BB2-386EB51EA0B8} = {12180876-9957-44B0-9D15-6669D8C2C518}
		{8A3BC0FB-9AA3-4A59-8B51-FA2E8D19491A} = {12180876-9957-44B0-9D15-6669D8C2C518}
		{641AB537-A5F2-4FC2-8FA4-1F376B191C1A} = {12180876-9957-44B0-9D15-6669D8C2C518}
	EndGlobalSection
EndGlobal
