
Microsoft Visual Studio Solution File, Format Version 12.00
# Visual Studio 2013
VisualStudioVersion = 12.0.31101.0
MinimumVisualStudioVersion = 10.0.40219.1
Project("{FAE04EC0-301F-11D3-BF4B-00C04F79EFBC}") = "EksamAgarTudeng", "EksamAgarTudeng\EksamAgarTudeng.csproj", "{5D614A4D-25D2-4F29-AD8D-6505D2CCABD4}"
EndProject
Project("{FAE04EC0-301F-11D3-BF4B-00C04F79EFBC}") = "Models", "Models\Models.csproj", "{D6BA7D45-FDC8-4625-9913-1DD34DD9B0FB}"
EndProject
Project("{FAE04EC0-301F-11D3-BF4B-00C04F79EFBC}") = "DAL", "DAL\DAL.csproj", "{AAD7089A-B391-4C17-9CCC-92B1DD9033F1}"
EndProject
Global
	GlobalSection(SolutionConfigurationPlatforms) = preSolution
		Debug|Any CPU = Debug|Any CPU
		Release|Any CPU = Release|Any CPU
	EndGlobalSection
	GlobalSection(ProjectConfigurationPlatforms) = postSolution
		{5D614A4D-25D2-4F29-AD8D-6505D2CCABD4}.Debug|Any CPU.ActiveCfg = Debug|Any CPU
		{5D614A4D-25D2-4F29-AD8D-6505D2CCABD4}.Debug|Any CPU.Build.0 = Debug|Any CPU
		{5D614A4D-25D2-4F29-AD8D-6505D2CCABD4}.Release|Any CPU.ActiveCfg = Release|Any CPU
		{5D614A4D-25D2-4F29-AD8D-6505D2CCABD4}.Release|Any CPU.Build.0 = Release|Any CPU
		{D6BA7D45-FDC8-4625-9913-1DD34DD9B0FB}.Debug|Any CPU.ActiveCfg = Debug|Any CPU
		{D6BA7D45-FDC8-4625-9913-1DD34DD9B0FB}.Debug|Any CPU.Build.0 = Debug|Any CPU
		{D6BA7D45-FDC8-4625-9913-1DD34DD9B0FB}.Release|Any CPU.ActiveCfg = Release|Any CPU
		{D6BA7D45-FDC8-4625-9913-1DD34DD9B0FB}.Release|Any CPU.Build.0 = Release|Any CPU
		{AAD7089A-B391-4C17-9CCC-92B1DD9033F1}.Debug|Any CPU.ActiveCfg = Debug|Any CPU
		{AAD7089A-B391-4C17-9CCC-92B1DD9033F1}.Debug|Any CPU.Build.0 = Debug|Any CPU
		{AAD7089A-B391-4C17-9CCC-92B1DD9033F1}.Release|Any CPU.ActiveCfg = Release|Any CPU
		{AAD7089A-B391-4C17-9CCC-92B1DD9033F1}.Release|Any CPU.Build.0 = Release|Any CPU
	EndGlobalSection
	GlobalSection(SolutionProperties) = preSolution
		HideSolutionNode = FALSE
	EndGlobalSection
EndGlobal
